
Microsoft Visual Studio Solution File, Format Version 12.00
# Visual Studio Version 16
VisualStudioVersion = 25.0.1706.14
MinimumVisualStudioVersion = 10.0.40219.1
Project("{FAE04EC0-301F-11D3-BF4B-00C04F79EFBC}") = "EntityFrameworkCore", "EntityFrameworkCore\EntityFrameworkCore.csproj", "{0139BF32-CAA3-43D4-97BE-4D4A2137A4F7}"
EndProject
Project("{FAE04EC0-301F-11D3-BF4B-00C04F79EFBC}") = "EntityFrameworkCore.Data", "EntityFrameworkCore.Data\EntityFrameworkCore.Data.csproj", "{2D06BB4D-E9E8-407F-AACF-3634F502FA5F}"
EndProject
Project("{FAE04EC0-301F-11D3-BF4B-00C04F79EFBC}") = "EntityFrameworkCore.Domain", "EntityFrameworkCore.Domain\EntityFrameworkCore.Domain.csproj", "{2C2C0241-6704-4866-89D4-912FFAD9F4E2}"
EndProject
Global
	GlobalSection(SolutionConfigurationPlatforms) = preSolution
		Debug|Any CPU = Debug|Any CPU
		Release|Any CPU = Release|Any CPU
	EndGlobalSection
	GlobalSection(ProjectConfigurationPlatforms) = postSolution
		{0139BF32-CAA3-43D4-97BE-4D4A2137A4F7}.Debug|Any CPU.ActiveCfg = Debug|Any CPU
		{0139BF32-CAA3-43D4-97BE-4D4A2137A4F7}.Debug|Any CPU.Build.0 = Debug|Any CPU
		{0139BF32-CAA3-43D4-97BE-4D4A2137A4F7}.Release|Any CPU.ActiveCfg = Release|Any CPU
		{0139BF32-CAA3-43D4-97BE-4D4A2137A4F7}.Release|Any CPU.Build.0 = Release|Any CPU
		{2D06BB4D-E9E8-407F-AACF-3634F502FA5F}.Debug|Any CPU.ActiveCfg = Debug|Any CPU
		{2D06BB4D-E9E8-407F-AACF-3634F502FA5F}.Debug|Any CPU.Build.0 = Debug|Any CPU
		{2D06BB4D-E9E8-407F-AACF-3634F502FA5F}.Release|Any CPU.ActiveCfg = Release|Any CPU
		{2D06BB4D-E9E8-407F-AACF-3634F502FA5F}.Release|Any CPU.Build.0 = Release|Any CPU
		{2C2C0241-6704-4866-89D4-912FFAD9F4E2}.Debug|Any CPU.ActiveCfg = Debug|Any CPU
		{2C2C0241-6704-4866-89D4-912FFAD9F4E2}.Debug|Any CPU.Build.0 = Debug|Any CPU
		{2C2C0241-6704-4866-89D4-912FFAD9F4E2}.Release|Any CPU.ActiveCfg = Release|Any CPU
		{2C2C0241-6704-4866-89D4-912FFAD9F4E2}.Release|Any CPU.Build.0 = Release|Any CPU
	EndGlobalSection
	GlobalSection(SolutionProperties) = preSolution
		HideSolutionNode = FALSE
	EndGlobalSection
	GlobalSection(ExtensibilityGlobals) = postSolution
		SolutionGuid = {48A92165-B819-4724-AEE8-B079D10D8E50}
	EndGlobalSection
EndGlobal
